
Microsoft Visual Studio Solution File, Format Version 12.00
# Visual Studio Version 17
VisualStudioVersion = 17.0.31903.59
MinimumVisualStudioVersion = 10.0.40219.1
Project("{FAE04EC0-301F-11D3-BF4B-00C04F79EFBC}") = "Workshop.NET", "Workshop.NET\Workshop.NET.csproj", "{4E225E96-2351-45CF-BAE7-63BD20324E4A}"
EndProject
Project("{FAE04EC0-301F-11D3-BF4B-00C04F79EFBC}") = "TaskOne", "TaskOne\TaskOne.csproj", "{E8EA767C-87EB-46F1-ACA0-383801E136D2}"
EndProject
Project("{FAE04EC0-301F-11D3-BF4B-00C04F79EFBC}") = "TaskTwo", "TaskTwo\TaskTwo.csproj", "{50B469D3-EA0A-41B6-A916-120D017123D2}"
EndProject
Project("{FAE04EC0-301F-11D3-BF4B-00C04F79EFBC}") = "TaskThree", "TaskThree\TaskThree.csproj", "{1C321A5E-9F69-4D81-98B0-1293E219DEE5}"
EndProject
Global
	GlobalSection(SolutionConfigurationPlatforms) = preSolution
		Debug|Any CPU = Debug|Any CPU
		Debug|x64 = Debug|x64
		Debug|x86 = Debug|x86
		Release|Any CPU = Release|Any CPU
		Release|x64 = Release|x64
		Release|x86 = Release|x86
	EndGlobalSection
	GlobalSection(ProjectConfigurationPlatforms) = postSolution
		{4E225E96-2351-45CF-BAE7-63BD20324E4A}.Debug|Any CPU.ActiveCfg = Debug|Any CPU
		{4E225E96-2351-45CF-BAE7-63BD20324E4A}.Debug|Any CPU.Build.0 = Debug|Any CPU
		{4E225E96-2351-45CF-BAE7-63BD20324E4A}.Debug|x64.ActiveCfg = Debug|Any CPU
		{4E225E96-2351-45CF-BAE7-63BD20324E4A}.Debug|x64.Build.0 = Debug|Any CPU
		{4E225E96-2351-45CF-BAE7-63BD20324E4A}.Debug|x86.ActiveCfg = Debug|Any CPU
		{4E225E96-2351-45CF-BAE7-63BD20324E4A}.Debug|x86.Build.0 = Debug|Any CPU
		{4E225E96-2351-45CF-BAE7-63BD20324E4A}.Release|Any CPU.ActiveCfg = Release|Any CPU
		{4E225E96-2351-45CF-BAE7-63BD20324E4A}.Release|Any CPU.Build.0 = Release|Any CPU
		{4E225E96-2351-45CF-BAE7-63BD20324E4A}.Release|x64.ActiveCfg = Release|Any CPU
		{4E225E96-2351-45CF-BAE7-63BD20324E4A}.Release|x64.Build.0 = Release|Any CPU
		{4E225E96-2351-45CF-BAE7-63BD20324E4A}.Release|x86.ActiveCfg = Release|Any CPU
		{4E225E96-2351-45CF-BAE7-63BD20324E4A}.Release|x86.Build.0 = Release|Any CPU
		{E8EA767C-87EB-46F1-ACA0-383801E136D2}.Debug|Any CPU.ActiveCfg = Debug|Any CPU
		{E8EA767C-87EB-46F1-ACA0-383801E136D2}.Debug|Any CPU.Build.0 = Debug|Any CPU
		{E8EA767C-87EB-46F1-ACA0-383801E136D2}.Debug|x64.ActiveCfg = Debug|Any CPU
		{E8EA767C-87EB-46F1-ACA0-383801E136D2}.Debug|x64.Build.0 = Debug|Any CPU
		{E8EA767C-87EB-46F1-ACA0-383801E136D2}.Debug|x86.ActiveCfg = Debug|Any CPU
		{E8EA767C-87EB-46F1-ACA0-383801E136D2}.Debug|x86.Build.0 = Debug|Any CPU
		{E8EA767C-87EB-46F1-ACA0-383801E136D2}.Release|Any CPU.ActiveCfg = Release|Any CPU
		{E8EA767C-87EB-46F1-ACA0-383801E136D2}.Release|Any CPU.Build.0 = Release|Any CPU
		{E8EA767C-87EB-46F1-ACA0-383801E136D2}.Release|x64.ActiveCfg = Release|Any CPU
		{E8EA767C-87EB-46F1-ACA0-383801E136D2}.Release|x64.Build.0 = Release|Any CPU
		{E8EA767C-87EB-46F1-ACA0-383801E136D2}.Release|x86.ActiveCfg = Release|Any CPU
		{E8EA767C-87EB-46F1-ACA0-383801E136D2}.Release|x86.Build.0 = Release|Any CPU
		{50B469D3-EA0A-41B6-A916-120D017123D2}.Debug|Any CPU.ActiveCfg = Debug|Any CPU
		{50B469D3-EA0A-41B6-A916-120D017123D2}.Debug|Any CPU.Build.0 = Debug|Any CPU
		{50B469D3-EA0A-41B6-A916-120D017123D2}.Debug|x64.ActiveCfg = Debug|Any CPU
		{50B469D3-EA0A-41B6-A916-120D017123D2}.Debug|x64.Build.0 = Debug|Any CPU
		{50B469D3-EA0A-41B6-A916-120D017123D2}.Debug|x86.ActiveCfg = Debug|Any CPU
		{50B469D3-EA0A-41B6-A916-120D017123D2}.Debug|x86.Build.0 = Debug|Any CPU
		{50B469D3-EA0A-41B6-A916-120D017123D2}.Release|Any CPU.ActiveCfg = Release|Any CPU
		{50B469D3-EA0A-41B6-A916-120D017123D2}.Release|Any CPU.Build.0 = Release|Any CPU
		{50B469D3-EA0A-41B6-A916-120D017123D2}.Release|x64.ActiveCfg = Release|Any CPU
		{50B469D3-EA0A-41B6-A916-120D017123D2}.Release|x64.Build.0 = Release|Any CPU
		{50B469D3-EA0A-41B6-A916-120D017123D2}.Release|x86.ActiveCfg = Release|Any CPU
		{50B469D3-EA0A-41B6-A916-120D017123D2}.Release|x86.Build.0 = Release|Any CPU
		{1C321A5E-9F69-4D81-98B0-1293E219DEE5}.Debug|Any CPU.ActiveCfg = Debug|Any CPU
		{1C321A5E-9F69-4D81-98B0-1293E219DEE5}.Debug|Any CPU.Build.0 = Debug|Any CPU
		{1C321A5E-9F69-4D81-98B0-1293E219DEE5}.Debug|x64.ActiveCfg = Debug|Any CPU
		{1C321A5E-9F69-4D81-98B0-1293E219DEE5}.Debug|x64.Build.0 = Debug|Any CPU
		{1C321A5E-9F69-4D81-98B0-1293E219DEE5}.Debug|x86.ActiveCfg = Debug|Any CPU
		{1C321A5E-9F69-4D81-98B0-1293E219DEE5}.Debug|x86.Build.0 = Debug|Any CPU
		{1C321A5E-9F69-4D81-98B0-1293E219DEE5}.Release|Any CPU.ActiveCfg = Release|Any CPU
		{1C321A5E-9F69-4D81-98B0-1293E219DEE5}.Release|Any CPU.Build.0 = Release|Any CPU
		{1C321A5E-9F69-4D81-98B0-1293E219DEE5}.Release|x64.ActiveCfg = Release|Any CPU
		{1C321A5E-9F69-4D81-98B0-1293E219DEE5}.Release|x64.Build.0 = Release|Any CPU
		{1C321A5E-9F69-4D81-98B0-1293E219DEE5}.Release|x86.ActiveCfg = Release|Any CPU
		{1C321A5E-9F69-4D81-98B0-1293E219DEE5}.Release|x86.Build.0 = Release|Any CPU
	EndGlobalSection
	GlobalSection(SolutionProperties) = preSolution
		HideSolutionNode = FALSE
	EndGlobalSection
EndGlobal
